
Microsoft Visual Studio Solution File, Format Version 12.00
# Visual Studio Version 16
VisualStudioVersion = 16.0.29920.165
MinimumVisualStudioVersion = 10.0.40219.1
Project("{9A19103F-16F7-4668-BE54-9A1E7A4F7556}") = "ControleDespesa5", "ControleDespesa5.csproj", "{C1F8DD2C-714A-46A6-9B61-62574F9F2716}"
EndProject
Global
	GlobalSection(SolutionConfigurationPlatforms) = preSolution
		Debug|Any CPU = Debug|Any CPU
		Release|Any CPU = Release|Any CPU
	EndGlobalSection
	GlobalSection(ProjectConfigurationPlatforms) = postSolution
		{C1F8DD2C-714A-46A6-9B61-62574F9F2716}.Debug|Any CPU.ActiveCfg = Debug|Any CPU
		{C1F8DD2C-714A-46A6-9B61-62574F9F2716}.Debug|Any CPU.Build.0 = Debug|Any CPU
		{C1F8DD2C-714A-46A6-9B61-62574F9F2716}.Release|Any CPU.ActiveCfg = Release|Any CPU
		{C1F8DD2C-714A-46A6-9B61-62574F9F2716}.Release|Any CPU.Build.0 = Release|Any CPU
	EndGlobalSection
	GlobalSection(SolutionProperties) = preSolution
		HideSolutionNode = FALSE
	EndGlobalSection
	GlobalSection(ExtensibilityGlobals) = postSolution
		SolutionGuid = {9FD82895-1898-478F-A50E-A3C254A5FDE5}
	EndGlobalSection
EndGlobal
